
Microsoft Visual Studio Solution File, Format Version 12.00
# Visual Studio Version 16
VisualStudioVersion = 16.0.28803.452
MinimumVisualStudioVersion = 10.0.40219.1
Project("{FAE04EC0-301F-11D3-BF4B-00C04F79EFBC}") = "Visualizer", "Visualizer\Visualizer.csproj", "{EE5E30A4-4551-4D59-9C96-4023CD273F70}"
EndProject
Project("{FAE04EC0-301F-11D3-BF4B-00C04F79EFBC}") = "Reader", "Reader\Reader.csproj", "{343ABDA7-D1F6-4BC6-8137-785C3202B1E7}"
EndProject
Project("{FAE04EC0-301F-11D3-BF4B-00C04F79EFBC}") = "Logger", "Logger\Logger.csproj", "{A537AAE3-EFAB-4AB4-A20F-3E64ED90D89A}"
EndProject
Project("{8BC9CEB8-8B4A-11D0-8D11-00A0C91BC942}") = "Robert", "Robert\Robert.vcxproj", "{70B07981-7726-45C3-858F-EB18F1B2D4E3}"
EndProject
Project("{FAE04EC0-301F-11D3-BF4B-00C04F79EFBC}") = "LoggerViewer", "LoggerViewer\LoggerViewer.csproj", "{7C0BC7AE-2EE2-4F54-B427-B20E14D655B0}"
EndProject
Global
	GlobalSection(SolutionConfigurationPlatforms) = preSolution
		Debug|Any CPU = Debug|Any CPU
		Debug|x64 = Debug|x64
		Debug|x86 = Debug|x86
		Release|Any CPU = Release|Any CPU
		Release|x64 = Release|x64
		Release|x86 = Release|x86
	EndGlobalSection
	GlobalSection(ProjectConfigurationPlatforms) = postSolution
		{EE5E30A4-4551-4D59-9C96-4023CD273F70}.Debug|Any CPU.ActiveCfg = Debug|Any CPU
		{EE5E30A4-4551-4D59-9C96-4023CD273F70}.Debug|Any CPU.Build.0 = Debug|Any CPU
		{EE5E30A4-4551-4D59-9C96-4023CD273F70}.Debug|x64.ActiveCfg = Debug|Any CPU
		{EE5E30A4-4551-4D59-9C96-4023CD273F70}.Debug|x64.Build.0 = Debug|Any CPU
		{EE5E30A4-4551-4D59-9C96-4023CD273F70}.Debug|x86.ActiveCfg = Debug|Any CPU
		{EE5E30A4-4551-4D59-9C96-4023CD273F70}.Debug|x86.Build.0 = Debug|Any CPU
		{EE5E30A4-4551-4D59-9C96-4023CD273F70}.Release|Any CPU.ActiveCfg = Release|Any CPU
		{EE5E30A4-4551-4D59-9C96-4023CD273F70}.Release|Any CPU.Build.0 = Release|Any CPU
		{EE5E30A4-4551-4D59-9C96-4023CD273F70}.Release|x64.ActiveCfg = Release|x64
		{EE5E30A4-4551-4D59-9C96-4023CD273F70}.Release|x64.Build.0 = Release|x64
		{EE5E30A4-4551-4D59-9C96-4023CD273F70}.Release|x86.ActiveCfg = Release|Any CPU
		{EE5E30A4-4551-4D59-9C96-4023CD273F70}.Release|x86.Build.0 = Release|Any CPU
		{343ABDA7-D1F6-4BC6-8137-785C3202B1E7}.Debug|Any CPU.ActiveCfg = Debug|Any CPU
		{343ABDA7-D1F6-4BC6-8137-785C3202B1E7}.Debug|Any CPU.Build.0 = Debug|Any CPU
		{343ABDA7-D1F6-4BC6-8137-785C3202B1E7}.Debug|x64.ActiveCfg = Debug|Any CPU
		{343ABDA7-D1F6-4BC6-8137-785C3202B1E7}.Debug|x64.Build.0 = Debug|Any CPU
		{343ABDA7-D1F6-4BC6-8137-785C3202B1E7}.Debug|x86.ActiveCfg = Debug|Any CPU
		{343ABDA7-D1F6-4BC6-8137-785C3202B1E7}.Debug|x86.Build.0 = Debug|Any CPU
		{343ABDA7-D1F6-4BC6-8137-785C3202B1E7}.Release|Any CPU.ActiveCfg = Release|Any CPU
		{343ABDA7-D1F6-4BC6-8137-785C3202B1E7}.Release|Any CPU.Build.0 = Release|Any CPU
		{343ABDA7-D1F6-4BC6-8137-785C3202B1E7}.Release|x64.ActiveCfg = Release|x64
		{343ABDA7-D1F6-4BC6-8137-785C3202B1E7}.Release|x64.Build.0 = Release|x64
		{343ABDA7-D1F6-4BC6-8137-785C3202B1E7}.Release|x86.ActiveCfg = Release|Any CPU
		{343ABDA7-D1F6-4BC6-8137-785C3202B1E7}.Release|x86.Build.0 = Release|Any CPU
		{A537AAE3-EFAB-4AB4-A20F-3E64ED90D89A}.Debug|Any CPU.ActiveCfg = Debug|Any CPU
		{A537AAE3-EFAB-4AB4-A20F-3E64ED90D89A}.Debug|Any CPU.Build.0 = Debug|Any CPU
		{A537AAE3-EFAB-4AB4-A20F-3E64ED90D89A}.Debug|x64.ActiveCfg = Debug|Any CPU
		{A537AAE3-EFAB-4AB4-A20F-3E64ED90D89A}.Debug|x64.Build.0 = Debug|Any CPU
		{A537AAE3-EFAB-4AB4-A20F-3E64ED90D89A}.Debug|x86.ActiveCfg = Debug|Any CPU
		{A537AAE3-EFAB-4AB4-A20F-3E64ED90D89A}.Debug|x86.Build.0 = Debug|Any CPU
		{A537AAE3-EFAB-4AB4-A20F-3E64ED90D89A}.Release|Any CPU.ActiveCfg = Release|Any CPU
		{A537AAE3-EFAB-4AB4-A20F-3E64ED90D89A}.Release|Any CPU.Build.0 = Release|Any CPU
		{A537AAE3-EFAB-4AB4-A20F-3E64ED90D89A}.Release|x64.ActiveCfg = Release|x64
		{A537AAE3-EFAB-4AB4-A20F-3E64ED90D89A}.Release|x64.Build.0 = Release|x64
		{A537AAE3-EFAB-4AB4-A20F-3E64ED90D89A}.Release|x86.ActiveCfg = Release|Any CPU
		{A537AAE3-EFAB-4AB4-A20F-3E64ED90D89A}.Release|x86.Build.0 = Release|Any CPU
		{70B07981-7726-45C3-858F-EB18F1B2D4E3}.Debug|Any CPU.ActiveCfg = Debug|Win32
		{70B07981-7726-45C3-858F-EB18F1B2D4E3}.Debug|x64.ActiveCfg = Debug|x64
		{70B07981-7726-45C3-858F-EB18F1B2D4E3}.Debug|x64.Build.0 = Debug|x64
		{70B07981-7726-45C3-858F-EB18F1B2D4E3}.Debug|x86.ActiveCfg = Debug|Win32
		{70B07981-7726-45C3-858F-EB18F1B2D4E3}.Debug|x86.Build.0 = Debug|Win32
		{70B07981-7726-45C3-858F-EB18F1B2D4E3}.Release|Any CPU.ActiveCfg = Release|Win32
		{70B07981-7726-45C3-858F-EB18F1B2D4E3}.Release|x64.ActiveCfg = Release|x64
		{70B07981-7726-45C3-858F-EB18F1B2D4E3}.Release|x64.Build.0 = Release|x64
		{70B07981-7726-45C3-858F-EB18F1B2D4E3}.Release|x86.ActiveCfg = Release|Win32
		{70B07981-7726-45C3-858F-EB18F1B2D4E3}.Release|x86.Build.0 = Release|Win32
		{7C0BC7AE-2EE2-4F54-B427-B20E14D655B0}.Debug|Any CPU.ActiveCfg = Debug|Any CPU
		{7C0BC7AE-2EE2-4F54-B427-B20E14D655B0}.Debug|Any CPU.Build.0 = Debug|Any CPU
		{7C0BC7AE-2EE2-4F54-B427-B20E14D655B0}.Debug|x64.ActiveCfg = Debug|Any CPU
		{7C0BC7AE-2EE2-4F54-B427-B20E14D655B0}.Debug|x64.Build.0 = Debug|Any CPU
		{7C0BC7AE-2EE2-4F54-B427-B20E14D655B0}.Debug|x86.ActiveCfg = Debug|Any CPU
		{7C0BC7AE-2EE2-4F54-B427-B20E14D655B0}.Debug|x86.Build.0 = Debug|Any CPU
		{7C0BC7AE-2EE2-4F54-B427-B20E14D655B0}.Release|Any CPU.ActiveCfg = Release|Any CPU
		{7C0BC7AE-2EE2-4F54-B427-B20E14D655B0}.Release|Any CPU.Build.0 = Release|Any CPU
		{7C0BC7AE-2EE2-4F54-B427-B20E14D655B0}.Release|x64.ActiveCfg = Release|Any CPU
		{7C0BC7AE-2EE2-4F54-B427-B20E14D655B0}.Release|x64.Build.0 = Release|Any CPU
		{7C0BC7AE-2EE2-4F54-B427-B20E14D655B0}.Release|x86.ActiveCfg = Release|Any CPU
		{7C0BC7AE-2EE2-4F54-B427-B20E14D655B0}.Release|x86.Build.0 = Release|Any CPU
	EndGlobalSection
	GlobalSection(SolutionProperties) = preSolution
		HideSolutionNode = FALSE
	EndGlobalSection
	GlobalSection(ExtensibilityGlobals) = postSolution
		SolutionGuid = {27C96C7F-04F6-4FE4-A021-D70C208EA2FD}
	EndGlobalSection
EndGlobal
